// !$*UTF8*$!
{
	archiveVersion = 1;
	classes = {
	};
	objectVersion = 46;
	objects = {

/* Begin PBXBuildFile section */
		D2E53D121678ED460076D8E7 /* UIKit.framework in Frameworks */ = {isa = PBXBuildFile; fileRef = D2E53D111678ED460076D8E7 /* UIKit.framework */; };
		D2E53D141678ED460076D8E7 /* Foundation.framework in Frameworks */ = {isa = PBXBuildFile; fileRef = D2E53D131678ED460076D8E7 /* Foundation.framework */; };
		D2E53D161678ED460076D8E7 /* CoreGraphics.framework in Frameworks */ = {isa = PBXBuildFile; fileRef = D2E53D151678ED460076D8E7 /* CoreGraphics.framework */; };
		D2E53D1C1678ED460076D8E7 /* InfoPlist.strings in Resources */ = {isa = PBXBuildFile; fileRef = D2E53D1A1678ED460076D8E7 /* InfoPlist.strings */; };
		D2E53D1E1678ED460076D8E7 /* main.m in Sources */ = {isa = PBXBuildFile; fileRef = D2E53D1D1678ED460076D8E7 /* main.m */; };
		D2E53D221678ED460076D8E7 /* AppDelegate.m in Sources */ = {isa = PBXBuildFile; fileRef = D2E53D211678ED460076D8E7 /* AppDelegate.m */; };
		D2E53D241678ED460076D8E7 /* Default.png in Resources */ = {isa = PBXBuildFile; fileRef = D2E53D231678ED460076D8E7 /* Default.png */; };
		D2E53D261678ED460076D8E7 /* Default@2x.png in Resources */ = {isa = PBXBuildFile; fileRef = D2E53D251678ED460076D8E7 /* Default@2x.png */; };
		D2E53D281678ED460076D8E7 /* Default-568h@2x.png in Resources */ = {isa = PBXBuildFile; fileRef = D2E53D271678ED460076D8E7 /* Default-568h@2x.png */; };
		D2E53D2B1678ED460076D8E7 /* MainStoryboard.storyboard in Resources */ = {isa = PBXBuildFile; fileRef = D2E53D291678ED460076D8E7 /* MainStoryboard.storyboard */; };
		D2E53D2E1678ED460076D8E7 /* ViewController.m in Sources */ = {isa = PBXBuildFile; fileRef = D2E53D2D1678ED460076D8E7 /* ViewController.m */; };
		D2E53D4C1678EDCA0076D8E7 /* bg_cork.png in Resources */ = {isa = PBXBuildFile; fileRef = D2E53D381678EDCA0076D8E7 /* bg_cork.png */; };
		D2E53D4D1678EDCA0076D8E7 /* bg_cork@2x.png in Resources */ = {isa = PBXBuildFile; fileRef = D2E53D391678EDCA0076D8E7 /* bg_cork@2x.png */; };
		D2E53D4E1678EDCA0076D8E7 /* button.png in Resources */ = {isa = PBXBuildFile; fileRef = D2E53D3A1678EDCA0076D8E7 /* button.png */; };
		D2E53D4F1678EDCA0076D8E7 /* button@2x.png in Resources */ = {isa = PBXBuildFile; fileRef = D2E53D3B1678EDCA0076D8E7 /* button@2x.png */; };
		D2E53D501678EDCA0076D8E7 /* decoration_snail.png in Resources */ = {isa = PBXBuildFile; fileRef = D2E53D3C1678EDCA0076D8E7 /* decoration_snail.png */; };
		D2E53D511678EDCA0076D8E7 /* decoration_snail@2x.png in Resources */ = {isa = PBXBuildFile; fileRef = D2E53D3D1678EDCA0076D8E7 /* decoration_snail@2x.png */; };
		D2E53D521678EDCA0076D8E7 /* divider_bar.png in Resources */ = {isa = PBXBuildFile; fileRef = D2E53D3E1678EDCA0076D8E7 /* divider_bar.png */; };
		D2E53D531678EDCA0076D8E7 /* divider_bar@2x.png in Resources */ = {isa = PBXBuildFile; fileRef = D2E53D3F1678EDCA0076D8E7 /* divider_bar@2x.png */; };
		D2E53D541678EDCA0076D8E7 /* header_bg.png in Resources */ = {isa = PBXBuildFile; fileRef = D2E53D401678EDCA0076D8E7 /* header_bg.png */; };
		D2E53D551678EDCA0076D8E7 /* header_bg@2x.png in Resources */ = {isa = PBXBuildFile; fileRef = D2E53D411678EDCA0076D8E7 /* header_bg@2x.png */; };
		D2E53D561678EDCA0076D8E7 /* navbar.png in Resources */ = {isa = PBXBuildFile; fileRef = D2E53D421678EDCA0076D8E7 /* navbar.png */; };
		D2E53D571678EDCA0076D8E7 /* navbar@2x.png in Resources */ = {isa = PBXBuildFile; fileRef = D2E53D431678EDCA0076D8E7 /* navbar@2x.png */; };
		D2E53D581678EDCA0076D8E7 /* polaroid1_border.png in Resources */ = {isa = PBXBuildFile; fileRef = D2E53D441678EDCA0076D8E7 /* polaroid1_border.png */; };
		D2E53D591678EDCA0076D8E7 /* polaroid1_border@2x.png in Resources */ = {isa = PBXBuildFile; fileRef = D2E53D451678EDCA0076D8E7 /* polaroid1_border@2x.png */; };
		D2E53D5A1678EDCA0076D8E7 /* pushpin.png in Resources */ = {isa = PBXBuildFile; fileRef = D2E53D461678EDCA0076D8E7 /* pushpin.png */; };
		D2E53D5B1678EDCA0076D8E7 /* pushpin@2x.png in Resources */ = {isa = PBXBuildFile; fileRef = D2E53D471678EDCA0076D8E7 /* pushpin@2x.png */; };
		D2E53D5C1678EDCA0076D8E7 /* search_field.png in Resources */ = {isa = PBXBuildFile; fileRef = D2E53D481678EDCA0076D8E7 /* search_field.png */; };
		D2E53D5D1678EDCA0076D8E7 /* search_field@2x.png in Resources */ = {isa = PBXBuildFile; fileRef = D2E53D491678EDCA0076D8E7 /* search_field@2x.png */; };
		D2E53D5E1678EDCA0076D8E7 /* search_text.png in Resources */ = {isa = PBXBuildFile; fileRef = D2E53D4A1678EDCA0076D8E7 /* search_text.png */; };
		D2E53D5F1678EDCA0076D8E7 /* search_text@2x.png in Resources */ = {isa = PBXBuildFile; fileRef = D2E53D4B1678EDCA0076D8E7 /* search_text@2x.png */; };
/* End PBXBuildFile section */

/* Begin PBXFileReference section */
		D2E53D0D1678ED460076D8E7 /* FlickrSearch.app */ = {isa = PBXFileReference; explicitFileType = wrapper.application; includeInIndex = 0; path = FlickrSearch.app; sourceTree = BUILT_PRODUCTS_DIR; };
		D2E53D111678ED460076D8E7 /* UIKit.framework */ = {isa = PBXFileReference; lastKnownFileType = wrapper.framework; name = UIKit.framework; path = System/Library/Frameworks/UIKit.framework; sourceTree = SDKROOT; };
		D2E53D131678ED460076D8E7 /* Foundation.framework */ = {isa = PBXFileReference; lastKnownFileType = wrapper.framework; name = Foundation.framework; path = System/Library/Frameworks/Foundation.framework; sourceTree = SDKROOT; };
		D2E53D151678ED460076D8E7 /* CoreGraphics.framework */ = {isa = PBXFileReference; lastKnownFileType = wrapper.framework; name = CoreGraphics.framework; path = System/Library/Frameworks/CoreGraphics.framework; sourceTree = SDKROOT; };
		D2E53D191678ED460076D8E7 /* FlickrSearch-Info.plist */ = {isa = PBXFileReference; lastKnownFileType = text.plist.xml; path = "FlickrSearch-Info.plist"; sourceTree = "<group>"; };
		D2E53D1B1678ED460076D8E7 /* en */ = {isa = PBXFileReference; lastKnownFileType = text.plist.strings; name = en; path = en.lproj/InfoPlist.strings; sourceTree = "<group>"; };
		D2E53D1D1678ED460076D8E7 /* main.m */ = {isa = PBXFileReference; lastKnownFileType = sourcecode.c.objc; path = main.m; sourceTree = "<group>"; };
		D2E53D1F1678ED460076D8E7 /* FlickrSearch-Prefix.pch */ = {isa = PBXFileReference; lastKnownFileType = sourcecode.c.h; path = "FlickrSearch-Prefix.pch"; sourceTree = "<group>"; };
		D2E53D201678ED460076D8E7 /* AppDelegate.h */ = {isa = PBXFileReference; lastKnownFileType = sourcecode.c.h; path = AppDelegate.h; sourceTree = "<group>"; };
		D2E53D211678ED460076D8E7 /* AppDelegate.m */ = {isa = PBXFileReference; lastKnownFileType = sourcecode.c.objc; path = AppDelegate.m; sourceTree = "<group>"; };
		D2E53D231678ED460076D8E7 /* Default.png */ = {isa = PBXFileReference; lastKnownFileType = image.png; path = Default.png; sourceTree = "<group>"; };
		D2E53D251678ED460076D8E7 /* Default@2x.png */ = {isa = PBXFileReference; lastKnownFileType = image.png; path = "Default@2x.png"; sourceTree = "<group>"; };
		D2E53D271678ED460076D8E7 /* Default-568h@2x.png */ = {isa = PBXFileReference; lastKnownFileType = image.png; path = "Default-568h@2x.png"; sourceTree = "<group>"; };
		D2E53D2A1678ED460076D8E7 /* en */ = {isa = PBXFileReference; lastKnownFileType = file.storyboard; name = en; path = en.lproj/MainStoryboard.storyboard; sourceTree = "<group>"; };
		D2E53D2C1678ED460076D8E7 /* ViewController.h */ = {isa = PBXFileReference; lastKnownFileType = sourcecode.c.h; path = ViewController.h; sourceTree = "<group>"; };
		D2E53D2D1678ED460076D8E7 /* ViewController.m */ = {isa = PBXFileReference; lastKnownFileType = sourcecode.c.objc; path = ViewController.m; sourceTree = "<group>"; };
		D2E53D381678EDCA0076D8E7 /* bg_cork.png */ = {isa = PBXFileReference; lastKnownFileType = image.png; path = bg_cork.png; sourceTree = "<group>"; };
		D2E53D391678EDCA0076D8E7 /* bg_cork@2x.png */ = {isa = PBXFileReference; lastKnownFileType = image.png; path = "bg_cork@2x.png"; sourceTree = "<group>"; };
		D2E53D3A1678EDCA0076D8E7 /* button.png */ = {isa = PBXFileReference; lastKnownFileType = image.png; path = button.png; sourceTree = "<group>"; };
		D2E53D3B1678EDCA0076D8E7 /* button@2x.png */ = {isa = PBXFileReference; lastKnownFileType = image.png; path = "button@2x.png"; sourceTree = "<group>"; };
		D2E53D3C1678EDCA0076D8E7 /* decoration_snail.png */ = {isa = PBXFileReference; lastKnownFileType = image.png; path = decoration_snail.png; sourceTree = "<group>"; };
		D2E53D3D1678EDCA0076D8E7 /* decoration_snail@2x.png */ = {isa = PBXFileReference; lastKnownFileType = image.png; path = "decoration_snail@2x.png"; sourceTree = "<group>"; };
		D2E53D3E1678EDCA0076D8E7 /* divider_bar.png */ = {isa = PBXFileReference; lastKnownFileType = image.png; path = divider_bar.png; sourceTree = "<group>"; };
		D2E53D3F1678EDCA0076D8E7 /* divider_bar@2x.png */ = {isa = PBXFileReference; lastKnownFileType = image.png; path = "divider_bar@2x.png"; sourceTree = "<group>"; };
		D2E53D401678EDCA0076D8E7 /* header_bg.png */ = {isa = PBXFileReference; lastKnownFileType = image.png; path = header_bg.png; sourceTree = "<group>"; };
		D2E53D411678EDCA0076D8E7 /* header_bg@2x.png */ = {isa = PBXFileReference; lastKnownFileType = image.png; path = "header_bg@2x.png"; sourceTree = "<group>"; };
		D2E53D421678EDCA0076D8E7 /* navbar.png */ = {isa = PBXFileReference; lastKnownFileType = image.png; path = navbar.png; sourceTree = "<group>"; };
		D2E53D431678EDCA0076D8E7 /* navbar@2x.png */ = {isa = PBXFileReference; lastKnownFileType = image.png; path = "navbar@2x.png"; sourceTree = "<group>"; };
		D2E53D441678EDCA0076D8E7 /* polaroid1_border.png */ = {isa = PBXFileReference; lastKnownFileType = image.png; path = polaroid1_border.png; sourceTree = "<group>"; };
		D2E53D451678EDCA0076D8E7 /* polaroid1_border@2x.png */ = {isa = PBXFileReference; lastKnownFileType = image.png; path = "polaroid1_border@2x.png"; sourceTree = "<group>"; };
		D2E53D461678EDCA0076D8E7 /* pushpin.png */ = {isa = PBXFileReference; lastKnownFileType = image.png; path = pushpin.png; sourceTree = "<group>"; };
		D2E53D471678EDCA0076D8E7 /* pushpin@2x.png */ = {isa = PBXFileReference; lastKnownFileType = image.png; path = "pushpin@2x.png"; sourceTree = "<group>"; };
		D2E53D481678EDCA0076D8E7 /* search_field.png */ = {isa = PBXFileReference; lastKnownFileType = image.png; path = search_field.png; sourceTree = "<group>"; };
		D2E53D491678EDCA0076D8E7 /* search_field@2x.png */ = {isa = PBXFileReference; lastKnownFileType = image.png; path = "search_field@2x.png"; sourceTree = "<group>"; };
		D2E53D4A1678EDCA0076D8E7 /* search_text.png */ = {isa = PBXFileReference; lastKnownFileType = image.png; path = search_text.png; sourceTree = "<group>"; };
		D2E53D4B1678EDCA0076D8E7 /* search_text@2x.png */ = {isa = PBXFileReference; lastKnownFileType = image.png; path = "search_text@2x.png"; sourceTree = "<group>"; };
/* End PBXFileReference section */

/* Begin PBXFrameworksBuildPhase section */
		D2E53D0A1678ED460076D8E7 /* Frameworks */ = {
			isa = PBXFrameworksBuildPhase;
			buildActionMask = 2147483647;
			files = (
				D2E53D121678ED460076D8E7 /* UIKit.framework in Frameworks */,
				D2E53D141678ED460076D8E7 /* Foundation.framework in Frameworks */,
				D2E53D161678ED460076D8E7 /* CoreGraphics.framework in Frameworks */,
			);
			runOnlyForDeploymentPostprocessing = 0;
		};
/* End PBXFrameworksBuildPhase section */

/* Begin PBXGroup section */
		D2E53D021678ED460076D8E7 = {
			isa = PBXGroup;
			children = (
				D2E53D171678ED460076D8E7 /* FlickrSearch */,
				D2E53D101678ED460076D8E7 /* Frameworks */,
				D2E53D0E1678ED460076D8E7 /* Products */,
			);
			sourceTree = "<group>";
		};
		D2E53D0E1678ED460076D8E7 /* Products */ = {
			isa = PBXGroup;
			children = (
				D2E53D0D1678ED460076D8E7 /* FlickrSearch.app */,
			);
			name = Products;
			sourceTree = "<group>";
		};
		D2E53D101678ED460076D8E7 /* Frameworks */ = {
			isa = PBXGroup;
			children = (
				D2E53D111678ED460076D8E7 /* UIKit.framework */,
				D2E53D131678ED460076D8E7 /* Foundation.framework */,
				D2E53D151678ED460076D8E7 /* CoreGraphics.framework */,
			);
			name = Frameworks;
			sourceTree = "<group>";
		};
		D2E53D171678ED460076D8E7 /* FlickrSearch */ = {
			isa = PBXGroup;
			children = (
				D2E53D351678ED5C0076D8E7 /* Models */,
				D2E53D361678ED600076D8E7 /* Views */,
				D2E53D341678ED550076D8E7 /* Controllers */,
				D2E53D181678ED460076D8E7 /* Supporting Files */,
			);
			path = FlickrSearch;
			sourceTree = "<group>";
		};
		D2E53D181678ED460076D8E7 /* Supporting Files */ = {
			isa = PBXGroup;
			children = (
				D2E53D371678EDCA0076D8E7 /* Assets */,
				D2E53D191678ED460076D8E7 /* FlickrSearch-Info.plist */,
				D2E53D1A1678ED460076D8E7 /* InfoPlist.strings */,
				D2E53D1D1678ED460076D8E7 /* main.m */,
				D2E53D1F1678ED460076D8E7 /* FlickrSearch-Prefix.pch */,
				D2E53D231678ED460076D8E7 /* Default.png */,
				D2E53D251678ED460076D8E7 /* Default@2x.png */,
				D2E53D271678ED460076D8E7 /* Default-568h@2x.png */,
			);
			name = "Supporting Files";
			sourceTree = "<group>";
		};
		D2E53D341678ED550076D8E7 /* Controllers */ = {
			isa = PBXGroup;
			children = (
				D2E53D201678ED460076D8E7 /* AppDelegate.h */,
				D2E53D211678ED460076D8E7 /* AppDelegate.m */,
				D2E53D2C1678ED460076D8E7 /* ViewController.h */,
				D2E53D2D1678ED460076D8E7 /* ViewController.m */,
			);
			name = Controllers;
			sourceTree = "<group>";
		};
		D2E53D351678ED5C0076D8E7 /* Models */ = {
			isa = PBXGroup;
			children = (
			);
			name = Models;
			sourceTree = "<group>";
		};
		D2E53D361678ED600076D8E7 /* Views */ = {
			isa = PBXGroup;
			children = (
				D2E53D291678ED460076D8E7 /* MainStoryboard.storyboard */,
			);
			name = Views;
			sourceTree = "<group>";
		};
		D2E53D371678EDCA0076D8E7 /* Assets */ = {
			isa = PBXGroup;
			children = (
				D2E53D381678EDCA0076D8E7 /* bg_cork.png */,
				D2E53D391678EDCA0076D8E7 /* bg_cork@2x.png */,
				D2E53D3A1678EDCA0076D8E7 /* button.png */,
				D2E53D3B1678EDCA0076D8E7 /* button@2x.png */,
				D2E53D3C1678EDCA0076D8E7 /* decoration_snail.png */,
				D2E53D3D1678EDCA0076D8E7 /* decoration_snail@2x.png */,
				D2E53D3E1678EDCA0076D8E7 /* divider_bar.png */,
				D2E53D3F1678EDCA0076D8E7 /* divider_bar@2x.png */,
				D2E53D401678EDCA0076D8E7 /* header_bg.png */,
				D2E53D411678EDCA0076D8E7 /* header_bg@2x.png */,
				D2E53D421678EDCA0076D8E7 /* navbar.png */,
				D2E53D431678EDCA0076D8E7 /* navbar@2x.png */,
				D2E53D441678EDCA0076D8E7 /* polaroid1_border.png */,
				D2E53D451678EDCA0076D8E7 /* polaroid1_border@2x.png */,
				D2E53D461678EDCA0076D8E7 /* pushpin.png */,
				D2E53D471678EDCA0076D8E7 /* pushpin@2x.png */,
				D2E53D481678EDCA0076D8E7 /* search_field.png */,
				D2E53D491678EDCA0076D8E7 /* search_field@2x.png */,
				D2E53D4A1678EDCA0076D8E7 /* search_text.png */,
				D2E53D4B1678EDCA0076D8E7 /* search_text@2x.png */,
			);
			path = Assets;
			sourceTree = "<group>";
		};
/* End PBXGroup section */

/* Begin PBXNativeTarget section */
		D2E53D0C1678ED460076D8E7 /* FlickrSearch */ = {
			isa = PBXNativeTarget;
			buildConfigurationList = D2E53D311678ED460076D8E7 /* Build configuration list for PBXNativeTarget "FlickrSearch" */;
			buildPhases = (
				D2E53D091678ED460076D8E7 /* Sources */,
				D2E53D0A1678ED460076D8E7 /* Frameworks */,
				D2E53D0B1678ED460076D8E7 /* Resources */,
			);
			buildRules = (
			);
			dependencies = (
			);
			name = FlickrSearch;
			productName = FlickrSearch;
			productReference = D2E53D0D1678ED460076D8E7 /* FlickrSearch.app */;
			productType = "com.apple.product-type.application";
		};
/* End PBXNativeTarget section */

/* Begin PBXProject section */
		D2E53D041678ED460076D8E7 /* Project object */ = {
			isa = PBXProject;
			attributes = {
				LastUpgradeCheck = 0450;
				ORGANIZATIONNAME = "Scott Gardner";
			};
			buildConfigurationList = D2E53D071678ED460076D8E7 /* Build configuration list for PBXProject "FlickrSearch" */;
			compatibilityVersion = "Xcode 3.2";
			developmentRegion = English;
			hasScannedForEncodings = 0;
			knownRegions = (
				en,
			);
			mainGroup = D2E53D021678ED460076D8E7;
			productRefGroup = D2E53D0E1678ED460076D8E7 /* Products */;
			projectDirPath = "";
			projectRoot = "";
			targets = (
				D2E53D0C1678ED460076D8E7 /* FlickrSearch */,
			);
		};
/* End PBXProject section */

/* Begin PBXResourcesBuildPhase section */
		D2E53D0B1678ED460076D8E7 /* Resources */ = {
			isa = PBXResourcesBuildPhase;
			buildActionMask = 2147483647;
			files = (
				D2E53D1C1678ED460076D8E7 /* InfoPlist.strings in Resources */,
				D2E53D241678ED460076D8E7 /* Default.png in Resources */,
				D2E53D261678ED460076D8E7 /* Default@2x.png in Resources */,
				D2E53D281678ED460076D8E7 /* Default-568h@2x.png in Resources */,
				D2E53D2B1678ED460076D8E7 /* MainStoryboard.storyboard in Resources */,
				D2E53D4C1678EDCA0076D8E7 /* bg_cork.png in Resources */,
				D2E53D4D1678EDCA0076D8E7 /* bg_cork@2x.png in Resources */,
				D2E53D4E1678EDCA0076D8E7 /* button.png in Resources */,
				D2E53D4F1678EDCA0076D8E7 /* button@2x.png in Resources */,
				D2E53D501678EDCA0076D8E7 /* decoration_snail.png in Resources */,
				D2E53D511678EDCA0076D8E7 /* decoration_snail@2x.png in Resources */,
				D2E53D521678EDCA0076D8E7 /* divider_bar.png in Resources */,
				D2E53D531678EDCA0076D8E7 /* divider_bar@2x.png in Resources */,
				D2E53D541678EDCA0076D8E7 /* header_bg.png in Resources */,
				D2E53D551678EDCA0076D8E7 /* header_bg@2x.png in Resources */,
				D2E53D561678EDCA0076D8E7 /* navbar.png in Resources */,
				D2E53D571678EDCA0076D8E7 /* navbar@2x.png in Resources */,
				D2E53D581678EDCA0076D8E7 /* polaroid1_border.png in Resources */,
				D2E53D591678EDCA0076D8E7 /* polaroid1_border@2x.png in Resources */,
				D2E53D5A1678EDCA0076D8E7 /* pushpin.png in Resources */,
				D2E53D5B1678EDCA0076D8E7 /* pushpin@2x.png in Resources */,
				D2E53D5C1678EDCA0076D8E7 /* search_field.png in Resources */,
				D2E53D5D1678EDCA0076D8E7 /* search_field@2x.png in Resources */,
				D2E53D5E1678EDCA0076D8E7 /* search_text.png in Resources */,
				D2E53D5F1678EDCA0076D8E7 /* search_text@2x.png in Resources */,
			);
			runOnlyForDeploymentPostprocessing = 0;
		};
/* End PBXResourcesBuildPhase section */

/* Begin PBXSourcesBuildPhase section */
		D2E53D091678ED460076D8E7 /* Sources */ = {
			isa = PBXSourcesBuildPhase;
			buildActionMask = 2147483647;
			files = (
				D2E53D1E1678ED460076D8E7 /* main.m in Sources */,
				D2E53D221678ED460076D8E7 /* AppDelegate.m in Sources */,
				D2E53D2E1678ED460076D8E7 /* ViewController.m in Sources */,
			);
			runOnlyForDeploymentPostprocessing = 0;
		};
/* End PBXSourcesBuildPhase section */

/* Begin PBXVariantGroup section */
		D2E53D1A1678ED460076D8E7 /* InfoPlist.strings */ = {
			isa = PBXVariantGroup;
			children = (
				D2E53D1B1678ED460076D8E7 /* en */,
			);
			name = InfoPlist.strings;
			sourceTree = "<group>";
		};
		D2E53D291678ED460076D8E7 /* MainStoryboard.storyboard */ = {
			isa = PBXVariantGroup;
			children = (
				D2E53D2A1678ED460076D8E7 /* en */,
			);
			name = MainStoryboard.storyboard;
			sourceTree = "<group>";
		};
/* End PBXVariantGroup section */

/* Begin XCBuildConfiguration section */
		D2E53D2F1678ED460076D8E7 /* Debug */ = {
			isa = XCBuildConfiguration;
			buildSettings = {
				ALWAYS_SEARCH_USER_PATHS = NO;
				CLANG_CXX_LANGUAGE_STANDARD = "gnu++0x";
				CLANG_CXX_LIBRARY = "libc++";
				CLANG_ENABLE_OBJC_ARC = YES;
				CLANG_WARN_EMPTY_BODY = YES;
				CLANG_WARN__DUPLICATE_METHOD_MATCH = YES;
				"CODE_SIGN_IDENTITY[sdk=iphoneos*]" = "iPhone Developer";
				COPY_PHASE_STRIP = NO;
				GCC_C_LANGUAGE_STANDARD = gnu99;
				GCC_DYNAMIC_NO_PIC = NO;
				GCC_OPTIMIZATION_LEVEL = 0;
				GCC_PREPROCESSOR_DEFINITIONS = (
					"DEBUG=1",
					"$(inherited)",
				);
				GCC_SYMBOLS_PRIVATE_EXTERN = NO;
				GCC_WARN_ABOUT_RETURN_TYPE = YES;
				GCC_WARN_UNINITIALIZED_AUTOS = YES;
				GCC_WARN_UNUSED_VARIABLE = YES;
				IPHONEOS_DEPLOYMENT_TARGET = 6.0;
				ONLY_ACTIVE_ARCH = YES;
				SDKROOT = iphoneos;
				TARGETED_DEVICE_FAMILY = 2;
			};
			name = Debug;
		};
		D2E53D301678ED460076D8E7 /* Release */ = {
			isa = XCBuildConfiguration;
			buildSettings = {
				ALWAYS_SEARCH_USER_PATHS = NO;
				CLANG_CXX_LANGUAGE_STANDARD = "gnu++0x";
				CLANG_CXX_LIBRARY = "libc++";
				CLANG_ENABLE_OBJC_ARC = YES;
				CLANG_WARN_EMPTY_BODY = YES;
				CLANG_WARN__DUPLICATE_METHOD_MATCH = YES;
				"CODE_SIGN_IDENTITY[sdk=iphoneos*]" = "iPhone Developer";
				COPY_PHASE_STRIP = YES;
				GCC_C_LANGUAGE_STANDARD = gnu99;
				GCC_WARN_ABOUT_RETURN_TYPE = YES;
				GCC_WARN_UNINITIALIZED_AUTOS = YES;
				GCC_WARN_UNUSED_VARIABLE = YES;
				IPHONEOS_DEPLOYMENT_TARGET = 6.0;
				OTHER_CFLAGS = "-DNS_BLOCK_ASSERTIONS=1";
				SDKROOT = iphoneos;
				TARGETED_DEVICE_FAMILY = 2;
				VALIDATE_PRODUCT = YES;
			};
			name = Release;
		};
		D2E53D321678ED460076D8E7 /* Debug */ = {
			isa = XCBuildConfiguration;
			buildSettings = {
				GCC_PRECOMPILE_PREFIX_HEADER = YES;
				GCC_PREFIX_HEADER = "FlickrSearch/FlickrSearch-Prefix.pch";
				INFOPLIST_FILE = "FlickrSearch/FlickrSearch-Info.plist";
				PRODUCT_NAME = "$(TARGET_NAME)";
				WRAPPER_EXTENSION = app;
			};
			name = Debug;
		};
		D2E53D331678ED460076D8E7 /* Release */ = {
			isa = XCBuildConfiguration;
			buildSettings = {
				GCC_PRECOMPILE_PREFIX_HEADER = YES;
				GCC_PREFIX_HEADER = "FlickrSearch/FlickrSearch-Prefix.pch";
				INFOPLIST_FILE = "FlickrSearch/FlickrSearch-Info.plist";
				PRODUCT_NAME = "$(TARGET_NAME)";
				WRAPPER_EXTENSION = app;
			};
			name = Release;
		};
/* End XCBuildConfiguration section */

/* Begin XCConfigurationList section */
		D2E53D071678ED460076D8E7 /* Build configuration list for PBXProject "FlickrSearch" */ = {
			isa = XCConfigurationList;
			buildConfigurations = (
				D2E53D2F1678ED460076D8E7 /* Debug */,
				D2E53D301678ED460076D8E7 /* Release */,
			);
			defaultConfigurationIsVisible = 0;
			defaultConfigurationName = Release;
		};
		D2E53D311678ED460076D8E7 /* Build configuration list for PBXNativeTarget "FlickrSearch" */ = {
			isa = XCConfigurationList;
			buildConfigurations = (
				D2E53D321678ED460076D8E7 /* Debug */,
				D2E53D331678ED460076D8E7 /* Release */,
			);
			defaultConfigurationIsVisible = 0;
		};
/* End XCConfigurationList section */
	};
	rootObject = D2E53D041678ED460076D8E7 /* Project object */;
}
